
Microsoft Visual Studio Solution File, Format Version 12.00
# Visual Studio Version 16
VisualStudioVersion = 16.0.29609.76
MinimumVisualStudioVersion = 10.0.40219.1
Project("{FAE04EC0-301F-11D3-BF4B-00C04F79EFBC}") = "BuenasPracticas", "BuenasPracticas\BuenasPracticas.csproj", "{1F6DECE0-6107-48F2-AF2C-B7B96AD36E79}"
EndProject
Project("{FAE04EC0-301F-11D3-BF4B-00C04F79EFBC}") = "Business", "Business\Business.csproj", "{EB344E44-48DF-413C-81EA-031EC8E50C9B}"
EndProject
Global
	GlobalSection(SolutionConfigurationPlatforms) = preSolution
		Debug|Any CPU = Debug|Any CPU
		Release|Any CPU = Release|Any CPU
	EndGlobalSection
	GlobalSection(ProjectConfigurationPlatforms) = postSolution
		{1F6DECE0-6107-48F2-AF2C-B7B96AD36E79}.Debug|Any CPU.ActiveCfg = Debug|Any CPU
		{1F6DECE0-6107-48F2-AF2C-B7B96AD36E79}.Debug|Any CPU.Build.0 = Debug|Any CPU
		{1F6DECE0-6107-48F2-AF2C-B7B96AD36E79}.Release|Any CPU.ActiveCfg = Release|Any CPU
		{1F6DECE0-6107-48F2-AF2C-B7B96AD36E79}.Release|Any CPU.Build.0 = Release|Any CPU
		{EB344E44-48DF-413C-81EA-031EC8E50C9B}.Debug|Any CPU.ActiveCfg = Debug|Any CPU
		{EB344E44-48DF-413C-81EA-031EC8E50C9B}.Debug|Any CPU.Build.0 = Debug|Any CPU
		{EB344E44-48DF-413C-81EA-031EC8E50C9B}.Release|Any CPU.ActiveCfg = Release|Any CPU
		{EB344E44-48DF-413C-81EA-031EC8E50C9B}.Release|Any CPU.Build.0 = Release|Any CPU
	EndGlobalSection
	GlobalSection(SolutionProperties) = preSolution
		HideSolutionNode = FALSE
	EndGlobalSection
	GlobalSection(ExtensibilityGlobals) = postSolution
		SolutionGuid = {9FB511F3-120E-4F6D-BDFD-D63D46C8FDCE}
	EndGlobalSection
EndGlobal
